github.com/zbazztian/go-multi-mod/mymod v0.0.0-20221216110616-7c603d6137ae h1:RzVIjqgUcmhRLLpkZx2eWnJCIqTClBkAl8jyCHcRYFA=
github.com/zbazztian/go-multi-mod/mymod v0.0.0-20221216110616-7c603d6137ae/go.mod h1:gmARHP3cHf/kXhfLQXWuPmVmI99US/Rd5VhUXGKPnVA=
github.com/zbazztian/go-multi-mod/mymod v0.0.0-20221219125650-aaee875b3448 h1:E6HOwLdKcKKjyiYLvFMuaRf6/2GB9PuYu0x/ovtbv9c=
github.com/zbazztian/go-multi-mod/mymod v0.0.0-20221219125650-aaee875b3448/go.mod h1:gmARHP3cHf/kXhfLQXWuPmVmI99US/Rd5VhUXGKPnVA=
